// !$*UTF8*$!
{
	archiveVersion = 1;
	classes = {
	};
	objectVersion = 46;
	objects = {

/* Begin PBXBuildFile section */
		49A7CA321A889DFB00A63513 /* TodoList.m in Sources */ = {isa = PBXBuildFile; fileRef = 49A7CA311A889DFB00A63513 /* TodoList.m */; };
		49A7CA351A889E1600A63513 /* TodoListItem.m in Sources */ = {isa = PBXBuildFile; fileRef = 49A7CA341A889E1600A63513 /* TodoListItem.m */; };
		49E3FCDB1A7B445C00A4E295 /* AppDelegate.m in Sources */ = {isa = PBXBuildFile; fileRef = 49E3FCDA1A7B445C00A4E295 /* AppDelegate.m */; };
		49E3FCDD1A7B445C00A4E295 /* main.m in Sources */ = {isa = PBXBuildFile; fileRef = 49E3FCDC1A7B445C00A4E295 /* main.m */; };
		49E3FCE01A7B445C00A4E295 /* ViewController.m in Sources */ = {isa = PBXBuildFile; fileRef = 49E3FCDF1A7B445C00A4E295 /* ViewController.m */; };
		49E3FCE21A7B445C00A4E295 /* Images.xcassets in Resources */ = {isa = PBXBuildFile; fileRef = 49E3FCE11A7B445C00A4E295 /* Images.xcassets */; };
		49E3FCE51A7B445C00A4E295 /* Main.storyboard in Resources */ = {isa = PBXBuildFile; fileRef = 49E3FCE31A7B445C00A4E295 /* Main.storyboard */; };
		49E3FCF11A7B445C00A4E295 /* Week3Tests.m in Sources */ = {isa = PBXBuildFile; fileRef = 49E3FCF01A7B445C00A4E295 /* Week3Tests.m */; };
/* End PBXBuildFile section */

/* Begin PBXContainerItemProxy section */
		49E3FCEB1A7B445C00A4E295 /* PBXContainerItemProxy */ = {
			isa = PBXContainerItemProxy;
			containerPortal = 49E3FCCC1A7B445C00A4E295 /* Project object */;
			proxyType = 1;
			remoteGlobalIDString = 49E3FCD31A7B445C00A4E295;
			remoteInfo = Week3;
		};
/* End PBXContainerItemProxy section */

/* Begin PBXFileReference section */
		49A7CA301A889DFB00A63513 /* TodoList.h */ = {isa = PBXFileReference; fileEncoding = 4; lastKnownFileType = sourcecode.c.h; path = TodoList.h; sourceTree = "<group>"; };
		49A7CA311A889DFB00A63513 /* TodoList.m */ = {isa = PBXFileReference; fileEncoding = 4; lastKnownFileType = sourcecode.c.objc; path = TodoList.m; sourceTree = "<group>"; };
		49A7CA331A889E1600A63513 /* TodoListItem.h */ = {isa = PBXFileReference; fileEncoding = 4; lastKnownFileType = sourcecode.c.h; path = TodoListItem.h; sourceTree = "<group>"; };
		49A7CA341A889E1600A63513 /* TodoListItem.m */ = {isa = PBXFileReference; fileEncoding = 4; lastKnownFileType = sourcecode.c.objc; path = TodoListItem.m; sourceTree = "<group>"; };
		49E3FCD41A7B445C00A4E295 /* Week3.app */ = {isa = PBXFileReference; explicitFileType = wrapper.application; includeInIndex = 0; path = Week3.app; sourceTree = BUILT_PRODUCTS_DIR; };
		49E3FCD81A7B445C00A4E295 /* Info.plist */ = {isa = PBXFileReference; lastKnownFileType = text.plist.xml; path = Info.plist; sourceTree = "<group>"; };
		49E3FCD91A7B445C00A4E295 /* AppDelegate.h */ = {isa = PBXFileReference; lastKnownFileType = sourcecode.c.h; path = AppDelegate.h; sourceTree = "<group>"; };
		49E3FCDA1A7B445C00A4E295 /* AppDelegate.m */ = {isa = PBXFileReference; lastKnownFileType = sourcecode.c.objc; path = AppDelegate.m; sourceTree = "<group>"; };
		49E3FCDC1A7B445C00A4E295 /* main.m */ = {isa = PBXFileReference; lastKnownFileType = sourcecode.c.objc; path = main.m; sourceTree = "<group>"; };
		49E3FCDE1A7B445C00A4E295 /* ViewController.h */ = {isa = PBXFileReference; lastKnownFileType = sourcecode.c.h; path = ViewController.h; sourceTree = "<group>"; };
		49E3FCDF1A7B445C00A4E295 /* ViewController.m */ = {isa = PBXFileReference; lastKnownFileType = sourcecode.c.objc; path = ViewController.m; sourceTree = "<group>"; };
		49E3FCE11A7B445C00A4E295 /* Images.xcassets */ = {isa = PBXFileReference; lastKnownFileType = folder.assetcatalog; path = Images.xcassets; sourceTree = "<group>"; };
		49E3FCE41A7B445C00A4E295 /* Base */ = {isa = PBXFileReference; lastKnownFileType = file.storyboard; name = Base; path = Base.lproj/Main.storyboard; sourceTree = "<group>"; };
		49E3FCEA1A7B445C00A4E295 /* Week3Tests.xctest */ = {isa = PBXFileReference; explicitFileType = wrapper.cfbundle; includeInIndex = 0; path = Week3Tests.xctest; sourceTree = BUILT_PRODUCTS_DIR; };
		49E3FCEF1A7B445C00A4E295 /* Info.plist */ = {isa = PBXFileReference; lastKnownFileType = text.plist.xml; path = Info.plist; sourceTree = "<group>"; };
		49E3FCF01A7B445C00A4E295 /* Week3Tests.m */ = {isa = PBXFileReference; lastKnownFileType = sourcecode.c.objc; path = Week3Tests.m; sourceTree = "<group>"; };
/* End PBXFileReference section */

/* Begin PBXFrameworksBuildPhase section */
		49E3FCD11A7B445C00A4E295 /* Frameworks */ = {
			isa = PBXFrameworksBuildPhase;
			buildActionMask = 2147483647;
			files = (
			);
			runOnlyForDeploymentPostprocessing = 0;
		};
		49E3FCE71A7B445C00A4E295 /* Frameworks */ = {
			isa = PBXFrameworksBuildPhase;
			buildActionMask = 2147483647;
			files = (
			);
			runOnlyForDeploymentPostprocessing = 0;
		};
/* End PBXFrameworksBuildPhase section */

/* Begin PBXGroup section */
		49E3FCCB1A7B445C00A4E295 = {
			isa = PBXGroup;
			children = (
				49E3FCD61A7B445C00A4E295 /* Week3 */,
				49E3FCED1A7B445C00A4E295 /* Week3Tests */,
				49E3FCD51A7B445C00A4E295 /* Products */,
			);
			sourceTree = "<group>";
		};
		49E3FCD51A7B445C00A4E295 /* Products */ = {
			isa = PBXGroup;
			children = (
				49E3FCD41A7B445C00A4E295 /* Week3.app */,
				49E3FCEA1A7B445C00A4E295 /* Week3Tests.xctest */,
			);
			name = Products;
			sourceTree = "<group>";
		};
		49E3FCD61A7B445C00A4E295 /* Week3 */ = {
			isa = PBXGroup;
			children = (
				49A7CA331A889E1600A63513 /* TodoListItem.h */,
				49A7CA341A889E1600A63513 /* TodoListItem.m */,
				49A7CA301A889DFB00A63513 /* TodoList.h */,
				49A7CA311A889DFB00A63513 /* TodoList.m */,
				49E3FCD91A7B445C00A4E295 /* AppDelegate.h */,
				49E3FCDA1A7B445C00A4E295 /* AppDelegate.m */,
				49E3FCDE1A7B445C00A4E295 /* ViewController.h */,
				49E3FCDF1A7B445C00A4E295 /* ViewController.m */,
				49E3FCE11A7B445C00A4E295 /* Images.xcassets */,
				49E3FCE31A7B445C00A4E295 /* Main.storyboard */,
				49E3FCD71A7B445C00A4E295 /* Supporting Files */,
			);
			path = Week3;
			sourceTree = "<group>";
		};
		49E3FCD71A7B445C00A4E295 /* Supporting Files */ = {
			isa = PBXGroup;
			children = (
				49E3FCD81A7B445C00A4E295 /* Info.plist */,
				49E3FCDC1A7B445C00A4E295 /* main.m */,
			);
			name = "Supporting Files";
			sourceTree = "<group>";
		};
		49E3FCED1A7B445C00A4E295 /* Week3Tests */ = {
			isa = PBXGroup;
			children = (
				49E3FCF01A7B445C00A4E295 /* Week3Tests.m */,
				49E3FCEE1A7B445C00A4E295 /* Supporting Files */,
			);
			path = Week3Tests;
			sourceTree = "<group>";
		};
		49E3FCEE1A7B445C00A4E295 /* Supporting Files */ = {
			isa = PBXGroup;
			children = (
				49E3FCEF1A7B445C00A4E295 /* Info.plist */,
			);
			name = "Supporting Files";
			sourceTree = "<group>";
		};
/* End PBXGroup section */

/* Begin PBXNativeTarget section */
		49E3FCD31A7B445C00A4E295 /* Week3 */ = {
			isa = PBXNativeTarget;
			buildConfigurationList = 49E3FCF41A7B445C00A4E295 /* Build configuration list for PBXNativeTarget "Week3" */;
			buildPhases = (
				49E3FCD01A7B445C00A4E295 /* Sources */,
				49E3FCD11A7B445C00A4E295 /* Frameworks */,
				49E3FCD21A7B445C00A4E295 /* Resources */,
			);
			buildRules = (
			);
			dependencies = (
			);
			name = Week3;
			productName = Week3;
			productReference = 49E3FCD41A7B445C00A4E295 /* Week3.app */;
			productType = "com.apple.product-type.application";
		};
		49E3FCE91A7B445C00A4E295 /* Week3Tests */ = {
			isa = PBXNativeTarget;
			buildConfigurationList = 49E3FCF71A7B445C00A4E295 /* Build configuration list for PBXNativeTarget "Week3Tests" */;
			buildPhases = (
				49E3FCE61A7B445C00A4E295 /* Sources */,
				49E3FCE71A7B445C00A4E295 /* Frameworks */,
				49E3FCE81A7B445C00A4E295 /* Resources */,
			);
			buildRules = (
			);
			dependencies = (
				49E3FCEC1A7B445C00A4E295 /* PBXTargetDependency */,
			);
			name = Week3Tests;
			productName = Week3Tests;
			productReference = 49E3FCEA1A7B445C00A4E295 /* Week3Tests.xctest */;
			productType = "com.apple.product-type.bundle.unit-test";
		};
/* End PBXNativeTarget section */

/* Begin PBXProject section */
		49E3FCCC1A7B445C00A4E295 /* Project object */ = {
			isa = PBXProject;
			attributes = {
				LastUpgradeCheck = 0610;
				ORGANIZATIONNAME = "Andrew Hautau";
				TargetAttributes = {
					49E3FCD31A7B445C00A4E295 = {
						CreatedOnToolsVersion = 6.1;
					};
					49E3FCE91A7B445C00A4E295 = {
						CreatedOnToolsVersion = 6.1;
						TestTargetID = 49E3FCD31A7B445C00A4E295;
					};
				};
			};
			buildConfigurationList = 49E3FCCF1A7B445C00A4E295 /* Build configuration list for PBXProject "Week3" */;
			compatibilityVersion = "Xcode 3.2";
			developmentRegion = English;
			hasScannedForEncodings = 0;
			knownRegions = (
				en,
				Base,
			);
			mainGroup = 49E3FCCB1A7B445C00A4E295;
			productRefGroup = 49E3FCD51A7B445C00A4E295 /* Products */;
			projectDirPath = "";
			projectRoot = "";
			targets = (
				49E3FCD31A7B445C00A4E295 /* Week3 */,
				49E3FCE91A7B445C00A4E295 /* Week3Tests */,
			);
		};
/* End PBXProject section */

/* Begin PBXResourcesBuildPhase section */
		49E3FCD21A7B445C00A4E295 /* Resources */ = {
			isa = PBXResourcesBuildPhase;
			buildActionMask = 2147483647;
			files = (
				49E3FCE21A7B445C00A4E295 /* Images.xcassets in Resources */,
				49E3FCE51A7B445C00A4E295 /* Main.storyboard in Resources */,
			);
			runOnlyForDeploymentPostprocessing = 0;
		};
		49E3FCE81A7B445C00A4E295 /* Resources */ = {
			isa = PBXResourcesBuildPhase;
			buildActionMask = 2147483647;
			files = (
			);
			runOnlyForDeploymentPostprocessing = 0;
		};
/* End PBXResourcesBuildPhase section */

/* Begin PBXSourcesBuildPhase section */
		49E3FCD01A7B445C00A4E295 /* Sources */ = {
			isa = PBXSourcesBuildPhase;
			buildActionMask = 2147483647;
			files = (
				49A7CA351A889E1600A63513 /* TodoListItem.m in Sources */,
				49E3FCE01A7B445C00A4E295 /* ViewController.m in Sources */,
				49E3FCDD1A7B445C00A4E295 /* main.m in Sources */,
				49E3FCDB1A7B445C00A4E295 /* AppDelegate.m in Sources */,
				49A7CA321A889DFB00A63513 /* TodoList.m in Sources */,
			);
			runOnlyForDeploymentPostprocessing = 0;
		};
		49E3FCE61A7B445C00A4E295 /* Sources */ = {
			isa = PBXSourcesBuildPhase;
			buildActionMask = 2147483647;
			files = (
				49E3FCF11A7B445C00A4E295 /* Week3Tests.m in Sources */,
			);
			runOnlyForDeploymentPostprocessing = 0;
		};
/* End PBXSourcesBuildPhase section */

/* Begin PBXTargetDependency section */
		49E3FCEC1A7B445C00A4E295 /* PBXTargetDependency */ = {
			isa = PBXTargetDependency;
			target = 49E3FCD31A7B445C00A4E295 /* Week3 */;
			targetProxy = 49E3FCEB1A7B445C00A4E295 /* PBXContainerItemProxy */;
		};
/* End PBXTargetDependency section */

/* Begin PBXVariantGroup section */
		49E3FCE31A7B445C00A4E295 /* Main.storyboard */ = {
			isa = PBXVariantGroup;
			children = (
				49E3FCE41A7B445C00A4E295 /* Base */,
			);
			name = Main.storyboard;
			sourceTree = "<group>";
		};
/* End PBXVariantGroup section */

/* Begin XCBuildConfiguration section */
		49E3FCF21A7B445C00A4E295 /* Debug */ = {
			isa = XCBuildConfiguration;
			buildSettings = {
				ALWAYS_SEARCH_USER_PATHS = NO;
				CLANG_CXX_LANGUAGE_STANDARD = "gnu++0x";
				CLANG_CXX_LIBRARY = "libc++";
				CLANG_ENABLE_MODULES = YES;
				CLANG_ENABLE_OBJC_ARC = YES;
				CLANG_WARN_BOOL_CONVERSION = YES;
				CLANG_WARN_CONSTANT_CONVERSION = YES;
				CLANG_WARN_DIRECT_OBJC_ISA_USAGE = YES_ERROR;
				CLANG_WARN_EMPTY_BODY = YES;
				CLANG_WARN_ENUM_CONVERSION = YES;
				CLANG_WARN_INT_CONVERSION = YES;
				CLANG_WARN_OBJC_ROOT_CLASS = YES_ERROR;
				CLANG_WARN_UNREACHABLE_CODE = YES;
				CLANG_WARN__DUPLICATE_METHOD_MATCH = YES;
				CODE_SIGN_IDENTITY = "-";
				COPY_PHASE_STRIP = NO;
				ENABLE_STRICT_OBJC_MSGSEND = YES;
				GCC_C_LANGUAGE_STANDARD = gnu99;
				GCC_DYNAMIC_NO_PIC = NO;
				GCC_OPTIMIZATION_LEVEL = 0;
				GCC_PREPROCESSOR_DEFINITIONS = (
					"DEBUG=1",
					"$(inherited)",
				);
				GCC_SYMBOLS_PRIVATE_EXTERN = NO;
				GCC_WARN_64_TO_32_BIT_CONVERSION = YES;
				GCC_WARN_ABOUT_RETURN_TYPE = YES_ERROR;
				GCC_WARN_UNDECLARED_SELECTOR = YES;
				GCC_WARN_UNINITIALIZED_AUTOS = YES_AGGRESSIVE;
				GCC_WARN_UNUSED_FUNCTION = YES;
				GCC_WARN_UNUSED_VARIABLE = YES;
				MACOSX_DEPLOYMENT_TARGET = 10.10;
				MTL_ENABLE_DEBUG_INFO = YES;
				ONLY_ACTIVE_ARCH = YES;
				SDKROOT = macosx;
			};
			name = Debug;
		};
		49E3FCF31A7B445C00A4E295 /* Release */ = {
			isa = XCBuildConfiguration;
			buildSettings = {
				ALWAYS_SEARCH_USER_PATHS = NO;
				CLANG_CXX_LANGUAGE_STANDARD = "gnu++0x";
				CLANG_CXX_LIBRARY = "libc++";
				CLANG_ENABLE_MODULES = YES;
				CLANG_ENABLE_OBJC_ARC = YES;
				CLANG_WARN_BOOL_CONVERSION = YES;
				CLANG_WARN_CONSTANT_CONVERSION = YES;
				CLANG_WARN_DIRECT_OBJC_ISA_USAGE = YES_ERROR;
				CLANG_WARN_EMPTY_BODY = YES;
				CLANG_WARN_ENUM_CONVERSION = YES;
				CLANG_WARN_INT_CONVERSION = YES;
				CLANG_WARN_OBJC_ROOT_CLASS = YES_ERROR;
				CLANG_WARN_UNREACHABLE_CODE = YES;
				CLANG_WARN__DUPLICATE_METHOD_MATCH = YES;
				CODE_SIGN_IDENTITY = "-";
				COPY_PHASE_STRIP = YES;
				DEBUG_INFORMATION_FORMAT = "dwarf-with-dsym";
				ENABLE_NS_ASSERTIONS = NO;
				ENABLE_STRICT_OBJC_MSGSEND = YES;
				GCC_C_LANGUAGE_STANDARD = gnu99;
				GCC_WARN_64_TO_32_BIT_CONVERSION = YES;
				GCC_WARN_ABOUT_RETURN_TYPE = YES_ERROR;
				GCC_WARN_UNDECLARED_SELECTOR = YES;
				GCC_WARN_UNINITIALIZED_AUTOS = YES_AGGRESSIVE;
				GCC_WARN_UNUSED_FUNCTION = YES;
				GCC_WARN_UNUSED_VARIABLE = YES;
				MACOSX_DEPLOYMENT_TARGET = 10.10;
				MTL_ENABLE_DEBUG_INFO = NO;
				SDKROOT = macosx;
			};
			name = Release;
		};
		49E3FCF51A7B445C00A4E295 /* Debug */ = {
			isa = XCBuildConfiguration;
			buildSettings = {
				ASSETCATALOG_COMPILER_APPICON_NAME = AppIcon;
				COMBINE_HIDPI_IMAGES = YES;
				INFOPLIST_FILE = Week3/Info.plist;
				LD_RUNPATH_SEARCH_PATHS = "$(inherited) @executable_path/../Frameworks";
				PRODUCT_NAME = "$(TARGET_NAME)";
			};
			name = Debug;
		};
		49E3FCF61A7B445C00A4E295 /* Release */ = {
			isa = XCBuildConfiguration;
			buildSettings = {
				ASSETCATALOG_COMPILER_APPICON_NAME = AppIcon;
				COMBINE_HIDPI_IMAGES = YES;
				INFOPLIST_FILE = Week3/Info.plist;
				LD_RUNPATH_SEARCH_PATHS = "$(inherited) @executable_path/../Frameworks";
				PRODUCT_NAME = "$(TARGET_NAME)";
			};
			name = Release;
		};
		49E3FCF81A7B445C00A4E295 /* Debug */ = {
			isa = XCBuildConfiguration;
			buildSettings = {
				BUNDLE_LOADER = "$(TEST_HOST)";
				COMBINE_HIDPI_IMAGES = YES;
				FRAMEWORK_SEARCH_PATHS = (
					"$(DEVELOPER_FRAMEWORKS_DIR)",
					"$(inherited)",
				);
				GCC_PREPROCESSOR_DEFINITIONS = (
					"DEBUG=1",
					"$(inherited)",
				);
				INFOPLIST_FILE = Week3Tests/Info.plist;
				LD_RUNPATH_SEARCH_PATHS = "$(inherited) @executable_path/../Frameworks @loader_path/../Frameworks";
				PRODUCT_NAME = "$(TARGET_NAME)";
				TEST_HOST = "$(BUILT_PRODUCTS_DIR)/Week3.app/Contents/MacOS/Week3";
			};
			name = Debug;
		};
		49E3FCF91A7B445C00A4E295 /* Release */ = {
			isa = XCBuildConfiguration;
			buildSettings = {
				BUNDLE_LOADER = "$(TEST_HOST)";
				COMBINE_HIDPI_IMAGES = YES;
				FRAMEWORK_SEARCH_PATHS = (
					"$(DEVELOPER_FRAMEWORKS_DIR)",
					"$(inherited)",
				);
				INFOPLIST_FILE = Week3Tests/Info.plist;
				LD_RUNPATH_SEARCH_PATHS = "$(inherited) @executable_path/../Frameworks @loader_path/../Frameworks";
				PRODUCT_NAME = "$(TARGET_NAME)";
				TEST_HOST = "$(BUILT_PRODUCTS_DIR)/Week3.app/Contents/MacOS/Week3";
			};
			name = Release;
		};
/* End XCBuildConfiguration section */

/* Begin XCConfigurationList section */
		49E3FCCF1A7B445C00A4E295 /* Build configuration list for PBXProject "Week3" */ = {
			isa = XCConfigurationList;
			buildConfigurations = (
				49E3FCF21A7B445C00A4E295 /* Debug */,
				49E3FCF31A7B445C00A4E295 /* Release */,
			);
			defaultConfigurationIsVisible = 0;
			defaultConfigurationName = Release;
		};
		49E3FCF41A7B445C00A4E295 /* Build configuration list for PBXNativeTarget "Week3" */ = {
			isa = XCConfigurationList;
			buildConfigurations = (
				49E3FCF51A7B445C00A4E295 /* Debug */,
				49E3FCF61A7B445C00A4E295 /* Release */,
			);
			defaultConfigurationIsVisible = 0;
			defaultConfigurationName = Release;
		};
		49E3FCF71A7B445C00A4E295 /* Build configuration list for PBXNativeTarget "Week3Tests" */ = {
			isa = XCConfigurationList;
			buildConfigurations = (
				49E3FCF81A7B445C00A4E295 /* Debug */,
				49E3FCF91A7B445C00A4E295 /* Release */,
			);
			defaultConfigurationIsVisible = 0;
			defaultConfigurationName = Release;
		};
/* End XCConfigurationList section */
	};
	rootObject = 49E3FCCC1A7B445C00A4E295 /* Project object */;
}
